
Microsoft Visual Studio Solution File, Format Version 12.00
# Visual Studio Version 17
VisualStudioVersion = 17.5.33516.290
MinimumVisualStudioVersion = 10.0.40219.1
Project("{FAE04EC0-301F-11D3-BF4B-00C04F79EFBC}") = "Ejercicios I01", "Ejercicios I01\Ejercicios I01.csproj", "{693943A5-32EC-47C2-8496-079D019AFDB6}"
EndProject
Project("{FAE04EC0-301F-11D3-BF4B-00C04F79EFBC}") = "Ejercicios I02", "Ejercicios I02\Ejercicios I02.csproj", "{AFBFA143-1685-4221-BD45-16F7F888B877}"
EndProject
Project("{FAE04EC0-301F-11D3-BF4B-00C04F79EFBC}") = "Ejercicios I03", "Ejercicios I03\Ejercicios I03.csproj", "{1DBBE553-CE2C-4029-9C5A-0E03B337E32B}"
EndProject
Project("{FAE04EC0-301F-11D3-BF4B-00C04F79EFBC}") = "Clases", "Clases\Clases.csproj", "{55B78D94-9781-404F-9BC2-A5249FF9708E}"
EndProject
Global
	GlobalSection(SolutionConfigurationPlatforms) = preSolution
		Debug|Any CPU = Debug|Any CPU
		Release|Any CPU = Release|Any CPU
	EndGlobalSection
	GlobalSection(ProjectConfigurationPlatforms) = postSolution
		{693943A5-32EC-47C2-8496-079D019AFDB6}.Debug|Any CPU.ActiveCfg = Debug|Any CPU
		{693943A5-32EC-47C2-8496-079D019AFDB6}.Debug|Any CPU.Build.0 = Debug|Any CPU
		{693943A5-32EC-47C2-8496-079D019AFDB6}.Release|Any CPU.ActiveCfg = Release|Any CPU
		{693943A5-32EC-47C2-8496-079D019AFDB6}.Release|Any CPU.Build.0 = Release|Any CPU
		{AFBFA143-1685-4221-BD45-16F7F888B877}.Debug|Any CPU.ActiveCfg = Debug|Any CPU
		{AFBFA143-1685-4221-BD45-16F7F888B877}.Debug|Any CPU.Build.0 = Debug|Any CPU
		{AFBFA143-1685-4221-BD45-16F7F888B877}.Release|Any CPU.ActiveCfg = Release|Any CPU
		{AFBFA143-1685-4221-BD45-16F7F888B877}.Release|Any CPU.Build.0 = Release|Any CPU
		{1DBBE553-CE2C-4029-9C5A-0E03B337E32B}.Debug|Any CPU.ActiveCfg = Debug|Any CPU
		{1DBBE553-CE2C-4029-9C5A-0E03B337E32B}.Debug|Any CPU.Build.0 = Debug|Any CPU
		{1DBBE553-CE2C-4029-9C5A-0E03B337E32B}.Release|Any CPU.ActiveCfg = Release|Any CPU
		{1DBBE553-CE2C-4029-9C5A-0E03B337E32B}.Release|Any CPU.Build.0 = Release|Any CPU
		{55B78D94-9781-404F-9BC2-A5249FF9708E}.Debug|Any CPU.ActiveCfg = Debug|Any CPU
		{55B78D94-9781-404F-9BC2-A5249FF9708E}.Debug|Any CPU.Build.0 = Debug|Any CPU
		{55B78D94-9781-404F-9BC2-A5249FF9708E}.Release|Any CPU.ActiveCfg = Release|Any CPU
		{55B78D94-9781-404F-9BC2-A5249FF9708E}.Release|Any CPU.Build.0 = Release|Any CPU
	EndGlobalSection
	GlobalSection(SolutionProperties) = preSolution
		HideSolutionNode = FALSE
	EndGlobalSection
	GlobalSection(ExtensibilityGlobals) = postSolution
		SolutionGuid = {BA413B0A-DEDA-48AF-BC77-3D1D3C75BD18}
	EndGlobalSection
EndGlobal
